// !$*UTF8*$!
{
	archiveVersion = 1;
	classes = {
	};
	objectVersion = 56;
	objects = {

/* Begin PBXBuildFile section */
		97043B702BA0ECAC00E80BB8 /* APIService.swift in Sources */ = {isa = PBXBuildFile; fileRef = 97043B6F2BA0ECAC00E80BB8 /* APIService.swift */; };
		97043B722BA0ED3C00E80BB8 /* Constants.swift in Sources */ = {isa = PBXBuildFile; fileRef = 97043B712BA0ED3C00E80BB8 /* Constants.swift */; };
		9757F77C2B9E503B006EF384 /* BundleiOSCaseApp.swift in Sources */ = {isa = PBXBuildFile; fileRef = 9757F77B2B9E503B006EF384 /* BundleiOSCaseApp.swift */; };
		9757F77E2B9E503B006EF384 /* PackageListView.swift in Sources */ = {isa = PBXBuildFile; fileRef = 9757F77D2B9E503B006EF384 /* PackageListView.swift */; };
		9757F7802B9E503D006EF384 /* Assets.xcassets in Resources */ = {isa = PBXBuildFile; fileRef = 9757F77F2B9E503D006EF384 /* Assets.xcassets */; };
		9757F7832B9E503D006EF384 /* Preview Assets.xcassets in Resources */ = {isa = PBXBuildFile; fileRef = 9757F7822B9E503D006EF384 /* Preview Assets.xcassets */; };
		9757F78D2B9E503E006EF384 /* BundleiOSCaseTests.swift in Sources */ = {isa = PBXBuildFile; fileRef = 9757F78C2B9E503E006EF384 /* BundleiOSCaseTests.swift */; };
		9757F7972B9E503E006EF384 /* BundleiOSCaseUITests.swift in Sources */ = {isa = PBXBuildFile; fileRef = 9757F7962B9E503E006EF384 /* BundleiOSCaseUITests.swift */; };
		9757F7992B9E503E006EF384 /* BundleiOSCaseUITestsLaunchTests.swift in Sources */ = {isa = PBXBuildFile; fileRef = 9757F7982B9E503E006EF384 /* BundleiOSCaseUITestsLaunchTests.swift */; };
		97DB26FC2BA0EFB100146B4A /* Alamofire in Frameworks */ = {isa = PBXBuildFile; productRef = 97DB26FB2BA0EFB100146B4A /* Alamofire */; };
		97DB26FE2BA0F09000146B4A /* PackageListViewModel.swift in Sources */ = {isa = PBXBuildFile; fileRef = 97DB26FD2BA0F09000146B4A /* PackageListViewModel.swift */; };
		97DB27042BA0F3DD00146B4A /* Package.swift in Sources */ = {isa = PBXBuildFile; fileRef = 97DB27032BA0F3DD00146B4A /* Package.swift */; };
		97DB27072BA0F5E500146B4A /* PackageDetailView.swift in Sources */ = {isa = PBXBuildFile; fileRef = 97DB27062BA0F5E500146B4A /* PackageDetailView.swift */; };
		97DB27092BA0F62F00146B4A /* PackageCellView.swift in Sources */ = {isa = PBXBuildFile; fileRef = 97DB27082BA0F62F00146B4A /* PackageCellView.swift */; };
		97DB270C2BA0FA4200146B4A /* Kingfisher in Frameworks */ = {isa = PBXBuildFile; productRef = 97DB270B2BA0FA4200146B4A /* Kingfisher */; };
/* End PBXBuildFile section */

/* Begin PBXContainerItemProxy section */
		9757F7892B9E503E006EF384 /* PBXContainerItemProxy */ = {
			isa = PBXContainerItemProxy;
			containerPortal = 9757F7702B9E503A006EF384 /* Project object */;
			proxyType = 1;
			remoteGlobalIDString = 9757F7772B9E503B006EF384;
			remoteInfo = BundleiOSCase;
		};
		9757F7932B9E503E006EF384 /* PBXContainerItemProxy */ = {
			isa = PBXContainerItemProxy;
			containerPortal = 9757F7702B9E503A006EF384 /* Project object */;
			proxyType = 1;
			remoteGlobalIDString = 9757F7772B9E503B006EF384;
			remoteInfo = BundleiOSCase;
		};
/* End PBXContainerItemProxy section */

/* Begin PBXFileReference section */
		97043B6F2BA0ECAC00E80BB8 /* APIService.swift */ = {isa = PBXFileReference; lastKnownFileType = sourcecode.swift; path = APIService.swift; sourceTree = "<group>"; };
		97043B712BA0ED3C00E80BB8 /* Constants.swift */ = {isa = PBXFileReference; lastKnownFileType = sourcecode.swift; path = Constants.swift; sourceTree = "<group>"; };
		9757F7782B9E503B006EF384 /* BundleiOSCase.app */ = {isa = PBXFileReference; explicitFileType = wrapper.application; includeInIndex = 0; path = BundleiOSCase.app; sourceTree = BUILT_PRODUCTS_DIR; };
		9757F77B2B9E503B006EF384 /* BundleiOSCaseApp.swift */ = {isa = PBXFileReference; lastKnownFileType = sourcecode.swift; path = BundleiOSCaseApp.swift; sourceTree = "<group>"; };
		9757F77D2B9E503B006EF384 /* PackageListView.swift */ = {isa = PBXFileReference; lastKnownFileType = sourcecode.swift; path = PackageListView.swift; sourceTree = "<group>"; };
		9757F77F2B9E503D006EF384 /* Assets.xcassets */ = {isa = PBXFileReference; lastKnownFileType = folder.assetcatalog; path = Assets.xcassets; sourceTree = "<group>"; };
		9757F7822B9E503D006EF384 /* Preview Assets.xcassets */ = {isa = PBXFileReference; lastKnownFileType = folder.assetcatalog; path = "Preview Assets.xcassets"; sourceTree = "<group>"; };
		9757F7882B9E503E006EF384 /* BundleiOSCaseTests.xctest */ = {isa = PBXFileReference; explicitFileType = wrapper.cfbundle; includeInIndex = 0; path = BundleiOSCaseTests.xctest; sourceTree = BUILT_PRODUCTS_DIR; };
		9757F78C2B9E503E006EF384 /* BundleiOSCaseTests.swift */ = {isa = PBXFileReference; lastKnownFileType = sourcecode.swift; path = BundleiOSCaseTests.swift; sourceTree = "<group>"; };
		9757F7922B9E503E006EF384 /* BundleiOSCaseUITests.xctest */ = {isa = PBXFileReference; explicitFileType = wrapper.cfbundle; includeInIndex = 0; path = BundleiOSCaseUITests.xctest; sourceTree = BUILT_PRODUCTS_DIR; };
		9757F7962B9E503E006EF384 /* BundleiOSCaseUITests.swift */ = {isa = PBXFileReference; lastKnownFileType = sourcecode.swift; path = BundleiOSCaseUITests.swift; sourceTree = "<group>"; };
		9757F7982B9E503E006EF384 /* BundleiOSCaseUITestsLaunchTests.swift */ = {isa = PBXFileReference; lastKnownFileType = sourcecode.swift; path = BundleiOSCaseUITestsLaunchTests.swift; sourceTree = "<group>"; };
		97DB26FD2BA0F09000146B4A /* PackageListViewModel.swift */ = {isa = PBXFileReference; lastKnownFileType = sourcecode.swift; path = PackageListViewModel.swift; sourceTree = "<group>"; };
		97DB27032BA0F3DD00146B4A /* Package.swift */ = {isa = PBXFileReference; lastKnownFileType = sourcecode.swift; path = Package.swift; sourceTree = "<group>"; };
		97DB27062BA0F5E500146B4A /* PackageDetailView.swift */ = {isa = PBXFileReference; lastKnownFileType = sourcecode.swift; path = PackageDetailView.swift; sourceTree = "<group>"; };
		97DB27082BA0F62F00146B4A /* PackageCellView.swift */ = {isa = PBXFileReference; lastKnownFileType = sourcecode.swift; path = PackageCellView.swift; sourceTree = "<group>"; };
/* End PBXFileReference section */

/* Begin PBXFrameworksBuildPhase section */
		9757F7752B9E503B006EF384 /* Frameworks */ = {
			isa = PBXFrameworksBuildPhase;
			buildActionMask = 2147483647;
			files = (
				97DB270C2BA0FA4200146B4A /* Kingfisher in Frameworks */,
				97DB26FC2BA0EFB100146B4A /* Alamofire in Frameworks */,
			);
			runOnlyForDeploymentPostprocessing = 0;
		};
		9757F7852B9E503E006EF384 /* Frameworks */ = {
			isa = PBXFrameworksBuildPhase;
			buildActionMask = 2147483647;
			files = (
			);
			runOnlyForDeploymentPostprocessing = 0;
		};
		9757F78F2B9E503E006EF384 /* Frameworks */ = {
			isa = PBXFrameworksBuildPhase;
			buildActionMask = 2147483647;
			files = (
			);
			runOnlyForDeploymentPostprocessing = 0;
		};
/* End PBXFrameworksBuildPhase section */

/* Begin PBXGroup section */
		97043B6C2BA0EB6500E80BB8 /* PackageList */ = {
			isa = PBXGroup;
			children = (
				9757F77D2B9E503B006EF384 /* PackageListView.swift */,
				97DB27082BA0F62F00146B4A /* PackageCellView.swift */,
			);
			path = PackageList;
			sourceTree = "<group>";
		};
		97043B6D2BA0EB7B00E80BB8 /* PackageSource */ = {
			isa = PBXGroup;
			children = (
				97DB27062BA0F5E500146B4A /* PackageDetailView.swift */,
			);
			path = PackageSource;
			sourceTree = "<group>";
		};
		9757F76F2B9E503A006EF384 = {
			isa = PBXGroup;
			children = (
				9757F77A2B9E503B006EF384 /* BundleiOSCase */,
				9757F78B2B9E503E006EF384 /* BundleiOSCaseTests */,
				9757F7952B9E503E006EF384 /* BundleiOSCaseUITests */,
				9757F7792B9E503B006EF384 /* Products */,
			);
			sourceTree = "<group>";
		};
		9757F7792B9E503B006EF384 /* Products */ = {
			isa = PBXGroup;
			children = (
				9757F7782B9E503B006EF384 /* BundleiOSCase.app */,
				9757F7882B9E503E006EF384 /* BundleiOSCaseTests.xctest */,
				9757F7922B9E503E006EF384 /* BundleiOSCaseUITests.xctest */,
			);
			name = Products;
			sourceTree = "<group>";
		};
		9757F77A2B9E503B006EF384 /* BundleiOSCase */ = {
			isa = PBXGroup;
			children = (
				97DB27052BA0F4EE00146B4A /* ViewModel */,
				97DB27022BA0F18F00146B4A /* Model */,
				97DB27012BA0F10900146B4A /* Service */,
				97DB27002BA0F0FA00146B4A /* Config */,
				97DB26FF2BA0F0E400146B4A /* View */,
				9757F77B2B9E503B006EF384 /* BundleiOSCaseApp.swift */,
				9757F77F2B9E503D006EF384 /* Assets.xcassets */,
				9757F7812B9E503D006EF384 /* Preview Content */,
			);
			path = BundleiOSCase;
			sourceTree = "<group>";
		};
		9757F7812B9E503D006EF384 /* Preview Content */ = {
			isa = PBXGroup;
			children = (
				9757F7822B9E503D006EF384 /* Preview Assets.xcassets */,
			);
			path = "Preview Content";
			sourceTree = "<group>";
		};
		9757F78B2B9E503E006EF384 /* BundleiOSCaseTests */ = {
			isa = PBXGroup;
			children = (
				9757F78C2B9E503E006EF384 /* BundleiOSCaseTests.swift */,
			);
			path = BundleiOSCaseTests;
			sourceTree = "<group>";
		};
		9757F7952B9E503E006EF384 /* BundleiOSCaseUITests */ = {
			isa = PBXGroup;
			children = (
				9757F7962B9E503E006EF384 /* BundleiOSCaseUITests.swift */,
				9757F7982B9E503E006EF384 /* BundleiOSCaseUITestsLaunchTests.swift */,
			);
			path = BundleiOSCaseUITests;
			sourceTree = "<group>";
		};
		97DB26FF2BA0F0E400146B4A /* View */ = {
			isa = PBXGroup;
			children = (
				97043B6C2BA0EB6500E80BB8 /* PackageList */,
				97043B6D2BA0EB7B00E80BB8 /* PackageSource */,
			);
			path = View;
			sourceTree = "<group>";
		};
		97DB27002BA0F0FA00146B4A /* Config */ = {
			isa = PBXGroup;
			children = (
				97043B712BA0ED3C00E80BB8 /* Constants.swift */,
			);
			path = Config;
			sourceTree = "<group>";
		};
		97DB27012BA0F10900146B4A /* Service */ = {
			isa = PBXGroup;
			children = (
				97043B6F2BA0ECAC00E80BB8 /* APIService.swift */,
			);
			path = Service;
			sourceTree = "<group>";
		};
		97DB27022BA0F18F00146B4A /* Model */ = {
			isa = PBXGroup;
			children = (
				97DB27032BA0F3DD00146B4A /* Package.swift */,
			);
			path = Model;
			sourceTree = "<group>";
		};
		97DB27052BA0F4EE00146B4A /* ViewModel */ = {
			isa = PBXGroup;
			children = (
				97DB26FD2BA0F09000146B4A /* PackageListViewModel.swift */,
			);
			path = ViewModel;
			sourceTree = "<group>";
		};
/* End PBXGroup section */

/* Begin PBXNativeTarget section */
		9757F7772B9E503B006EF384 /* BundleiOSCase */ = {
			isa = PBXNativeTarget;
			buildConfigurationList = 9757F79C2B9E503E006EF384 /* Build configuration list for PBXNativeTarget "BundleiOSCase" */;
			buildPhases = (
				9757F7742B9E503B006EF384 /* Sources */,
				9757F7752B9E503B006EF384 /* Frameworks */,
				9757F7762B9E503B006EF384 /* Resources */,
			);
			buildRules = (
			);
			dependencies = (
			);
			name = BundleiOSCase;
			packageProductDependencies = (
				97DB26FB2BA0EFB100146B4A /* Alamofire */,
				97DB270B2BA0FA4200146B4A /* Kingfisher */,
			);
			productName = BundleiOSCase;
			productReference = 9757F7782B9E503B006EF384 /* BundleiOSCase.app */;
			productType = "com.apple.product-type.application";
		};
		9757F7872B9E503E006EF384 /* BundleiOSCaseTests */ = {
			isa = PBXNativeTarget;
			buildConfigurationList = 9757F79F2B9E503E006EF384 /* Build configuration list for PBXNativeTarget "BundleiOSCaseTests" */;
			buildPhases = (
				9757F7842B9E503E006EF384 /* Sources */,
				9757F7852B9E503E006EF384 /* Frameworks */,
				9757F7862B9E503E006EF384 /* Resources */,
			);
			buildRules = (
			);
			dependencies = (
				9757F78A2B9E503E006EF384 /* PBXTargetDependency */,
			);
			name = BundleiOSCaseTests;
			productName = BundleiOSCaseTests;
			productReference = 9757F7882B9E503E006EF384 /* BundleiOSCaseTests.xctest */;
			productType = "com.apple.product-type.bundle.unit-test";
		};
		9757F7912B9E503E006EF384 /* BundleiOSCaseUITests */ = {
			isa = PBXNativeTarget;
			buildConfigurationList = 9757F7A22B9E503E006EF384 /* Build configuration list for PBXNativeTarget "BundleiOSCaseUITests" */;
			buildPhases = (
				9757F78E2B9E503E006EF384 /* Sources */,
				9757F78F2B9E503E006EF384 /* Frameworks */,
				9757F7902B9E503E006EF384 /* Resources */,
			);
			buildRules = (
			);
			dependencies = (
				9757F7942B9E503E006EF384 /* PBXTargetDependency */,
			);
			name = BundleiOSCaseUITests;
			productName = BundleiOSCaseUITests;
			productReference = 9757F7922B9E503E006EF384 /* BundleiOSCaseUITests.xctest */;
			productType = "com.apple.product-type.bundle.ui-testing";
		};
/* End PBXNativeTarget section */

/* Begin PBXProject section */
		9757F7702B9E503A006EF384 /* Project object */ = {
			isa = PBXProject;
			attributes = {
				BuildIndependentTargetsInParallel = 1;
				LastSwiftUpdateCheck = 1520;
				LastUpgradeCheck = 1520;
				TargetAttributes = {
					9757F7772B9E503B006EF384 = {
						CreatedOnToolsVersion = 15.2;
					};
					9757F7872B9E503E006EF384 = {
						CreatedOnToolsVersion = 15.2;
						TestTargetID = 9757F7772B9E503B006EF384;
					};
					9757F7912B9E503E006EF384 = {
						CreatedOnToolsVersion = 15.2;
						TestTargetID = 9757F7772B9E503B006EF384;
					};
				};
			};
			buildConfigurationList = 9757F7732B9E503A006EF384 /* Build configuration list for PBXProject "BundleiOSCase" */;
			compatibilityVersion = "Xcode 14.0";
			developmentRegion = en;
			hasScannedForEncodings = 0;
			knownRegions = (
				en,
				Base,
			);
			mainGroup = 9757F76F2B9E503A006EF384;
			packageReferences = (
				97043B6E2BA0EC8900E80BB8 /* XCRemoteSwiftPackageReference "Alamofire" */,
				97DB270A2BA0FA4200146B4A /* XCRemoteSwiftPackageReference "Kingfisher" */,
			);
			productRefGroup = 9757F7792B9E503B006EF384 /* Products */;
			projectDirPath = "";
			projectRoot = "";
			targets = (
				9757F7772B9E503B006EF384 /* BundleiOSCase */,
				9757F7872B9E503E006EF384 /* BundleiOSCaseTests */,
				9757F7912B9E503E006EF384 /* BundleiOSCaseUITests */,
			);
		};
/* End PBXProject section */

/* Begin PBXResourcesBuildPhase section */
		9757F7762B9E503B006EF384 /* Resources */ = {
			isa = PBXResourcesBuildPhase;
			buildActionMask = 2147483647;
			files = (
				9757F7832B9E503D006EF384 /* Preview Assets.xcassets in Resources */,
				9757F7802B9E503D006EF384 /* Assets.xcassets in Resources */,
			);
			runOnlyForDeploymentPostprocessing = 0;
		};
		9757F7862B9E503E006EF384 /* Resources */ = {
			isa = PBXResourcesBuildPhase;
			buildActionMask = 2147483647;
			files = (
			);
			runOnlyForDeploymentPostprocessing = 0;
		};
		9757F7902B9E503E006EF384 /* Resources */ = {
			isa = PBXResourcesBuildPhase;
			buildActionMask = 2147483647;
			files = (
			);
			runOnlyForDeploymentPostprocessing = 0;
		};
/* End PBXResourcesBuildPhase section */

/* Begin PBXSourcesBuildPhase section */
		9757F7742B9E503B006EF384 /* Sources */ = {
			isa = PBXSourcesBuildPhase;
			buildActionMask = 2147483647;
			files = (
				97DB27042BA0F3DD00146B4A /* Package.swift in Sources */,
				97DB27072BA0F5E500146B4A /* PackageDetailView.swift in Sources */,
				9757F77E2B9E503B006EF384 /* PackageListView.swift in Sources */,
				9757F77C2B9E503B006EF384 /* BundleiOSCaseApp.swift in Sources */,
				97043B702BA0ECAC00E80BB8 /* APIService.swift in Sources */,
				97043B722BA0ED3C00E80BB8 /* Constants.swift in Sources */,
				97DB26FE2BA0F09000146B4A /* PackageListViewModel.swift in Sources */,
				97DB27092BA0F62F00146B4A /* PackageCellView.swift in Sources */,
			);
			runOnlyForDeploymentPostprocessing = 0;
		};
		9757F7842B9E503E006EF384 /* Sources */ = {
			isa = PBXSourcesBuildPhase;
			buildActionMask = 2147483647;
			files = (
				9757F78D2B9E503E006EF384 /* BundleiOSCaseTests.swift in Sources */,
			);
			runOnlyForDeploymentPostprocessing = 0;
		};
		9757F78E2B9E503E006EF384 /* Sources */ = {
			isa = PBXSourcesBuildPhase;
			buildActionMask = 2147483647;
			files = (
				9757F7992B9E503E006EF384 /* BundleiOSCaseUITestsLaunchTests.swift in Sources */,
				9757F7972B9E503E006EF384 /* BundleiOSCaseUITests.swift in Sources */,
			);
			runOnlyForDeploymentPostprocessing = 0;
		};
/* End PBXSourcesBuildPhase section */

/* Begin PBXTargetDependency section */
		9757F78A2B9E503E006EF384 /* PBXTargetDependency */ = {
			isa = PBXTargetDependency;
			target = 9757F7772B9E503B006EF384 /* BundleiOSCase */;
			targetProxy = 9757F7892B9E503E006EF384 /* PBXContainerItemProxy */;
		};
		9757F7942B9E503E006EF384 /* PBXTargetDependency */ = {
			isa = PBXTargetDependency;
			target = 9757F7772B9E503B006EF384 /* BundleiOSCase */;
			targetProxy = 9757F7932B9E503E006EF384 /* PBXContainerItemProxy */;
		};
/* End PBXTargetDependency section */

/* Begin XCBuildConfiguration section */
		9757F79A2B9E503E006EF384 /* Debug */ = {
			isa = XCBuildConfiguration;
			buildSettings = {
				ALWAYS_SEARCH_USER_PATHS = NO;
				ASSETCATALOG_COMPILER_GENERATE_SWIFT_ASSET_SYMBOL_EXTENSIONS = YES;
				CLANG_ANALYZER_NONNULL = YES;
				CLANG_ANALYZER_NUMBER_OBJECT_CONVERSION = YES_AGGRESSIVE;
				CLANG_CXX_LANGUAGE_STANDARD = "gnu++20";
				CLANG_ENABLE_MODULES = YES;
				CLANG_ENABLE_OBJC_ARC = YES;
				CLANG_ENABLE_OBJC_WEAK = YES;
				CLANG_WARN_BLOCK_CAPTURE_AUTORELEASING = YES;
				CLANG_WARN_BOOL_CONVERSION = YES;
				CLANG_WARN_COMMA = YES;
				CLANG_WARN_CONSTANT_CONVERSION = YES;
				CLANG_WARN_DEPRECATED_OBJC_IMPLEMENTATIONS = YES;
				CLANG_WARN_DIRECT_OBJC_ISA_USAGE = YES_ERROR;
				CLANG_WARN_DOCUMENTATION_COMMENTS = YES;
				CLANG_WARN_EMPTY_BODY = YES;
				CLANG_WARN_ENUM_CONVERSION = YES;
				CLANG_WARN_INFINITE_RECURSION = YES;
				CLANG_WARN_INT_CONVERSION = YES;
				CLANG_WARN_NON_LITERAL_NULL_CONVERSION = YES;
				CLANG_WARN_OBJC_IMPLICIT_RETAIN_SELF = YES;
				CLANG_WARN_OBJC_LITERAL_CONVERSION = YES;
				CLANG_WARN_OBJC_ROOT_CLASS = YES_ERROR;
				CLANG_WARN_QUOTED_INCLUDE_IN_FRAMEWORK_HEADER = YES;
				CLANG_WARN_RANGE_LOOP_ANALYSIS = YES;
				CLANG_WARN_STRICT_PROTOTYPES = YES;
				CLANG_WARN_SUSPICIOUS_MOVE = YES;
				CLANG_WARN_UNGUARDED_AVAILABILITY = YES_AGGRESSIVE;
				CLANG_WARN_UNREACHABLE_CODE = YES;
				CLANG_WARN__DUPLICATE_METHOD_MATCH = YES;
				COPY_PHASE_STRIP = NO;
				DEBUG_INFORMATION_FORMAT = dwarf;
				ENABLE_STRICT_OBJC_MSGSEND = YES;
				ENABLE_TESTABILITY = YES;
				ENABLE_USER_SCRIPT_SANDBOXING = YES;
				GCC_C_LANGUAGE_STANDARD = gnu17;
				GCC_DYNAMIC_NO_PIC = NO;
				GCC_NO_COMMON_BLOCKS = YES;
				GCC_OPTIMIZATION_LEVEL = 0;
				GCC_PREPROCESSOR_DEFINITIONS = (
					"DEBUG=1",
					"$(inherited)",
				);
				GCC_WARN_64_TO_32_BIT_CONVERSION = YES;
				GCC_WARN_ABOUT_RETURN_TYPE = YES_ERROR;
				GCC_WARN_UNDECLARED_SELECTOR = YES;
				GCC_WARN_UNINITIALIZED_AUTOS = YES_AGGRESSIVE;
				GCC_WARN_UNUSED_FUNCTION = YES;
				GCC_WARN_UNUSED_VARIABLE = YES;
				IPHONEOS_DEPLOYMENT_TARGET = 17.2;
				LOCALIZATION_PREFERS_STRING_CATALOGS = YES;
				MTL_ENABLE_DEBUG_INFO = INCLUDE_SOURCE;
				MTL_FAST_MATH = YES;
				ONLY_ACTIVE_ARCH = YES;
				SDKROOT = iphoneos;
				SWIFT_ACTIVE_COMPILATION_CONDITIONS = "DEBUG $(inherited)";
				SWIFT_OPTIMIZATION_LEVEL = "-Onone";
			};
			name = Debug;
		};
		9757F79B2B9E503E006EF384 /* Release */ = {
			isa = XCBuildConfiguration;
			buildSettings = {
				ALWAYS_SEARCH_USER_PATHS = NO;
				ASSETCATALOG_COMPILER_GENERATE_SWIFT_ASSET_SYMBOL_EXTENSIONS = YES;
				CLANG_ANALYZER_NONNULL = YES;
				CLANG_ANALYZER_NUMBER_OBJECT_CONVERSION = YES_AGGRESSIVE;
				CLANG_CXX_LANGUAGE_STANDARD = "gnu++20";
				CLANG_ENABLE_MODULES = YES;
				CLANG_ENABLE_OBJC_ARC = YES;
				CLANG_ENABLE_OBJC_WEAK = YES;
				CLANG_WARN_BLOCK_CAPTURE_AUTORELEASING = YES;
				CLANG_WARN_BOOL_CONVERSION = YES;
				CLANG_WARN_COMMA = YES;
				CLANG_WARN_CONSTANT_CONVERSION = YES;
				CLANG_WARN_DEPRECATED_OBJC_IMPLEMENTATIONS = YES;
				CLANG_WARN_DIRECT_OBJC_ISA_USAGE = YES_ERROR;
				CLANG_WARN_DOCUMENTATION_COMMENTS = YES;
				CLANG_WARN_EMPTY_BODY = YES;
				CLANG_WARN_ENUM_CONVERSION = YES;
				CLANG_WARN_INFINITE_RECURSION = YES;
				CLANG_WARN_INT_CONVERSION = YES;
				CLANG_WARN_NON_LITERAL_NULL_CONVERSION = YES;
				CLANG_WARN_OBJC_IMPLICIT_RETAIN_SELF = YES;
				CLANG_WARN_OBJC_LITERAL_CONVERSION = YES;
				CLANG_WARN_OBJC_ROOT_CLASS = YES_ERROR;
				CLANG_WARN_QUOTED_INCLUDE_IN_FRAMEWORK_HEADER = YES;
				CLANG_WARN_RANGE_LOOP_ANALYSIS = YES;
				CLANG_WARN_STRICT_PROTOTYPES = YES;
				CLANG_WARN_SUSPICIOUS_MOVE = YES;
				CLANG_WARN_UNGUARDED_AVAILABILITY = YES_AGGRESSIVE;
				CLANG_WARN_UNREACHABLE_CODE = YES;
				CLANG_WARN__DUPLICATE_METHOD_MATCH = YES;
				COPY_PHASE_STRIP = NO;
				DEBUG_INFORMATION_FORMAT = "dwarf-with-dsym";
				ENABLE_NS_ASSERTIONS = NO;
				ENABLE_STRICT_OBJC_MSGSEND = YES;
				ENABLE_USER_SCRIPT_SANDBOXING = YES;
				GCC_C_LANGUAGE_STANDARD = gnu17;
				GCC_NO_COMMON_BLOCKS = YES;
				GCC_WARN_64_TO_32_BIT_CONVERSION = YES;
				GCC_WARN_ABOUT_RETURN_TYPE = YES_ERROR;
				GCC_WARN_UNDECLARED_SELECTOR = YES;
				GCC_WARN_UNINITIALIZED_AUTOS = YES_AGGRESSIVE;
				GCC_WARN_UNUSED_FUNCTION = YES;
				GCC_WARN_UNUSED_VARIABLE = YES;
				IPHONEOS_DEPLOYMENT_TARGET = 17.2;
				LOCALIZATION_PREFERS_STRING_CATALOGS = YES;
				MTL_ENABLE_DEBUG_INFO = NO;
				MTL_FAST_MATH = YES;
				SDKROOT = iphoneos;
				SWIFT_COMPILATION_MODE = wholemodule;
				VALIDATE_PRODUCT = YES;
			};
			name = Release;
		};
		9757F79D2B9E503E006EF384 /* Debug */ = {
			isa = XCBuildConfiguration;
			buildSettings = {
				ASSETCATALOG_COMPILER_APPICON_NAME = AppIcon;
				ASSETCATALOG_COMPILER_GLOBAL_ACCENT_COLOR_NAME = AccentColor;
				CODE_SIGN_STYLE = Automatic;
				CURRENT_PROJECT_VERSION = 1;
				DEVELOPMENT_ASSET_PATHS = "\"BundleiOSCase/Preview Content\"";
				ENABLE_PREVIEWS = YES;
				GENERATE_INFOPLIST_FILE = YES;
				INFOPLIST_KEY_UIApplicationSceneManifest_Generation = YES;
				INFOPLIST_KEY_UIApplicationSupportsIndirectInputEvents = YES;
				INFOPLIST_KEY_UILaunchScreen_Generation = YES;
				INFOPLIST_KEY_UISupportedInterfaceOrientations_iPad = "UIInterfaceOrientationPortrait UIInterfaceOrientationPortraitUpsideDown UIInterfaceOrientationLandscapeLeft UIInterfaceOrientationLandscapeRight";
				INFOPLIST_KEY_UISupportedInterfaceOrientations_iPhone = "UIInterfaceOrientationPortrait UIInterfaceOrientationLandscapeLeft UIInterfaceOrientationLandscapeRight";
				LD_RUNPATH_SEARCH_PATHS = (
					"$(inherited)",
					"@executable_path/Frameworks",
				);
				MARKETING_VERSION = 1.0;
				PRODUCT_BUNDLE_IDENTIFIER = com.canberkcakmak.BundleiOSCase;
				PRODUCT_NAME = "$(TARGET_NAME)";
				SWIFT_EMIT_LOC_STRINGS = YES;
				SWIFT_VERSION = 5.0;
				TARGETED_DEVICE_FAMILY = "1,2";
			};
			name = Debug;
		};
		9757F79E2B9E503E006EF384 /* Release */ = {
			isa = XCBuildConfiguration;
			buildSettings = {
				ASSETCATALOG_COMPILER_APPICON_NAME = AppIcon;
				ASSETCATALOG_COMPILER_GLOBAL_ACCENT_COLOR_NAME = AccentColor;
				CODE_SIGN_STYLE = Automatic;
				CURRENT_PROJECT_VERSION = 1;
				DEVELOPMENT_ASSET_PATHS = "\"BundleiOSCase/Preview Content\"";
				ENABLE_PREVIEWS = YES;
				GENERATE_INFOPLIST_FILE = YES;
				INFOPLIST_KEY_UIApplicationSceneManifest_Generation = YES;
				INFOPLIST_KEY_UIApplicationSupportsIndirectInputEvents = YES;
				INFOPLIST_KEY_UILaunchScreen_Generation = YES;
				INFOPLIST_KEY_UISupportedInterfaceOrientations_iPad = "UIInterfaceOrientationPortrait UIInterfaceOrientationPortraitUpsideDown UIInterfaceOrientationLandscapeLeft UIInterfaceOrientationLandscapeRight";
				INFOPLIST_KEY_UISupportedInterfaceOrientations_iPhone = "UIInterfaceOrientationPortrait UIInterfaceOrientationLandscapeLeft UIInterfaceOrientationLandscapeRight";
				LD_RUNPATH_SEARCH_PATHS = (
					"$(inherited)",
					"@executable_path/Frameworks",
				);
				MARKETING_VERSION = 1.0;
				PRODUCT_BUNDLE_IDENTIFIER = com.canberkcakmak.BundleiOSCase;
				PRODUCT_NAME = "$(TARGET_NAME)";
				SWIFT_EMIT_LOC_STRINGS = YES;
				SWIFT_VERSION = 5.0;
				TARGETED_DEVICE_FAMILY = "1,2";
			};
			name = Release;
		};
		9757F7A02B9E503E006EF384 /* Debug */ = {
			isa = XCBuildConfiguration;
			buildSettings = {
				ALWAYS_EMBED_SWIFT_STANDARD_LIBRARIES = YES;
				BUNDLE_LOADER = "$(TEST_HOST)";
				CODE_SIGN_STYLE = Automatic;
				CURRENT_PROJECT_VERSION = 1;
				GENERATE_INFOPLIST_FILE = YES;
				IPHONEOS_DEPLOYMENT_TARGET = 17.2;
				MARKETING_VERSION = 1.0;
				PRODUCT_BUNDLE_IDENTIFIER = com.canberkcakmak.BundleiOSCaseTests;
				PRODUCT_NAME = "$(TARGET_NAME)";
				SWIFT_EMIT_LOC_STRINGS = NO;
				SWIFT_VERSION = 5.0;
				TARGETED_DEVICE_FAMILY = "1,2";
				TEST_HOST = "$(BUILT_PRODUCTS_DIR)/BundleiOSCase.app/$(BUNDLE_EXECUTABLE_FOLDER_PATH)/BundleiOSCase";
			};
			name = Debug;
		};
		9757F7A12B9E503E006EF384 /* Release */ = {
			isa = XCBuildConfiguration;
			buildSettings = {
				ALWAYS_EMBED_SWIFT_STANDARD_LIBRARIES = YES;
				BUNDLE_LOADER = "$(TEST_HOST)";
				CODE_SIGN_STYLE = Automatic;
				CURRENT_PROJECT_VERSION = 1;
				GENERATE_INFOPLIST_FILE = YES;
				IPHONEOS_DEPLOYMENT_TARGET = 17.2;
				MARKETING_VERSION = 1.0;
				PRODUCT_BUNDLE_IDENTIFIER = com.canberkcakmak.BundleiOSCaseTests;
				PRODUCT_NAME = "$(TARGET_NAME)";
				SWIFT_EMIT_LOC_STRINGS = NO;
				SWIFT_VERSION = 5.0;
				TARGETED_DEVICE_FAMILY = "1,2";
				TEST_HOST = "$(BUILT_PRODUCTS_DIR)/BundleiOSCase.app/$(BUNDLE_EXECUTABLE_FOLDER_PATH)/BundleiOSCase";
			};
			name = Release;
		};
		9757F7A32B9E503E006EF384 /* Debug */ = {
			isa = XCBuildConfiguration;
			buildSettings = {
				ALWAYS_EMBED_SWIFT_STANDARD_LIBRARIES = YES;
				CODE_SIGN_STYLE = Automatic;
				CURRENT_PROJECT_VERSION = 1;
				GENERATE_INFOPLIST_FILE = YES;
				MARKETING_VERSION = 1.0;
				PRODUCT_BUNDLE_IDENTIFIER = com.canberkcakmak.BundleiOSCaseUITests;
				PRODUCT_NAME = "$(TARGET_NAME)";
				SWIFT_EMIT_LOC_STRINGS = NO;
				SWIFT_VERSION = 5.0;
				TARGETED_DEVICE_FAMILY = "1,2";
				TEST_TARGET_NAME = BundleiOSCase;
			};
			name = Debug;
		};
		9757F7A42B9E503E006EF384 /* Release */ = {
			isa = XCBuildConfiguration;
			buildSettings = {
				ALWAYS_EMBED_SWIFT_STANDARD_LIBRARIES = YES;
				CODE_SIGN_STYLE = Automatic;
				CURRENT_PROJECT_VERSION = 1;
				GENERATE_INFOPLIST_FILE = YES;
				MARKETING_VERSION = 1.0;
				PRODUCT_BUNDLE_IDENTIFIER = com.canberkcakmak.BundleiOSCaseUITests;
				PRODUCT_NAME = "$(TARGET_NAME)";
				SWIFT_EMIT_LOC_STRINGS = NO;
				SWIFT_VERSION = 5.0;
				TARGETED_DEVICE_FAMILY = "1,2";
				TEST_TARGET_NAME = BundleiOSCase;
			};
			name = Release;
		};
/* End XCBuildConfiguration section */

/* Begin XCConfigurationList section */
		9757F7732B9E503A006EF384 /* Build configuration list for PBXProject "BundleiOSCase" */ = {
			isa = XCConfigurationList;
			buildConfigurations = (
				9757F79A2B9E503E006EF384 /* Debug */,
				9757F79B2B9E503E006EF384 /* Release */,
			);
			defaultConfigurationIsVisible = 0;
			defaultConfigurationName = Release;
		};
		9757F79C2B9E503E006EF384 /* Build configuration list for PBXNativeTarget "BundleiOSCase" */ = {
			isa = XCConfigurationList;
			buildConfigurations = (
				9757F79D2B9E503E006EF384 /* Debug */,
				9757F79E2B9E503E006EF384 /* Release */,
			);
			defaultConfigurationIsVisible = 0;
			defaultConfigurationName = Release;
		};
		9757F79F2B9E503E006EF384 /* Build configuration list for PBXNativeTarget "BundleiOSCaseTests" */ = {
			isa = XCConfigurationList;
			buildConfigurations = (
				9757F7A02B9E503E006EF384 /* Debug */,
				9757F7A12B9E503E006EF384 /* Release */,
			);
			defaultConfigurationIsVisible = 0;
			defaultConfigurationName = Release;
		};
		9757F7A22B9E503E006EF384 /* Build configuration list for PBXNativeTarget "BundleiOSCaseUITests" */ = {
			isa = XCConfigurationList;
			buildConfigurations = (
				9757F7A32B9E503E006EF384 /* Debug */,
				9757F7A42B9E503E006EF384 /* Release */,
			);
			defaultConfigurationIsVisible = 0;
			defaultConfigurationName = Release;
		};
/* End XCConfigurationList section */

/* Begin XCRemoteSwiftPackageReference section */
		97043B6E2BA0EC8900E80BB8 /* XCRemoteSwiftPackageReference "Alamofire" */ = {
			isa = XCRemoteSwiftPackageReference;
			repositoryURL = "https://github.com/Alamofire/Alamofire.git";
			requirement = {
				kind = upToNextMajorVersion;
				minimumVersion = 5.9.0;
			};
		};
		97DB270A2BA0FA4200146B4A /* XCRemoteSwiftPackageReference "Kingfisher" */ = {
			isa = XCRemoteSwiftPackageReference;
			repositoryURL = "https://github.com/onevcat/Kingfisher.git";
			requirement = {
				kind = upToNextMajorVersion;
				minimumVersion = 7.0.0;
			};
		};
/* End XCRemoteSwiftPackageReference section */

/* Begin XCSwiftPackageProductDependency section */
		97DB26FB2BA0EFB100146B4A /* Alamofire */ = {
			isa = XCSwiftPackageProductDependency;
			package = 97043B6E2BA0EC8900E80BB8 /* XCRemoteSwiftPackageReference "Alamofire" */;
			productName = Alamofire;
		};
		97DB270B2BA0FA4200146B4A /* Kingfisher */ = {
			isa = XCSwiftPackageProductDependency;
			package = 97DB270A2BA0FA4200146B4A /* XCRemoteSwiftPackageReference "Kingfisher" */;
			productName = Kingfisher;
		};
/* End XCSwiftPackageProductDependency section */
	};
	rootObject = 9757F7702B9E503A006EF384 /* Project object */;
}
